
Microsoft Visual Studio Solution File, Format Version 12.00
# Visual Studio Version 17
VisualStudioVersion = 17.5.002.0
MinimumVisualStudioVersion = 10.0.40219.1
Project("{9A19103F-16F7-4668-BE54-9A1E7A4F7556}") = "FileDirectoryApp", "FileDirectoryApp\FileDirectoryApp.csproj", "{EC433279-C260-48F8-9E98-7BF72F274FFD}"
EndProject
Project("{9A19103F-16F7-4668-BE54-9A1E7A4F7556}") = "HelloWorldApp", "HelloWorldApp\HelloWorldApp.csproj", "{BC38662A-64CB-417A-B7E2-985D42FF2F0F}"
EndProject
Project("{9A19103F-16F7-4668-BE54-9A1E7A4F7556}") = "PizzaApi", "PizzaApi\PizzaApi.csproj", "{08568160-5734-4C9D-B4C3-77F78277E37C}"
EndProject
Project("{9A19103F-16F7-4668-BE54-9A1E7A4F7556}") = "SalesData", "SalesData\SalesData.csproj", "{4BF1643C-D350-4E07-8DDA-64EBF1449484}"
EndProject
Project("{9A19103F-16F7-4668-BE54-9A1E7A4F7556}") = "MvcMovie", "MvcMovie\MvcMovie.csproj", "{693E35F3-0983-4675-A793-656A5E8956F2}"
EndProject
Global
	GlobalSection(SolutionConfigurationPlatforms) = preSolution
		Debug|Any CPU = Debug|Any CPU
		Release|Any CPU = Release|Any CPU
	EndGlobalSection
	GlobalSection(ProjectConfigurationPlatforms) = postSolution
		{EC433279-C260-48F8-9E98-7BF72F274FFD}.Debug|Any CPU.ActiveCfg = Debug|Any CPU
		{EC433279-C260-48F8-9E98-7BF72F274FFD}.Debug|Any CPU.Build.0 = Debug|Any CPU
		{EC433279-C260-48F8-9E98-7BF72F274FFD}.Release|Any CPU.ActiveCfg = Release|Any CPU
		{EC433279-C260-48F8-9E98-7BF72F274FFD}.Release|Any CPU.Build.0 = Release|Any CPU
		{BC38662A-64CB-417A-B7E2-985D42FF2F0F}.Debug|Any CPU.ActiveCfg = Debug|Any CPU
		{BC38662A-64CB-417A-B7E2-985D42FF2F0F}.Debug|Any CPU.Build.0 = Debug|Any CPU
		{BC38662A-64CB-417A-B7E2-985D42FF2F0F}.Release|Any CPU.ActiveCfg = Release|Any CPU
		{BC38662A-64CB-417A-B7E2-985D42FF2F0F}.Release|Any CPU.Build.0 = Release|Any CPU
		{08568160-5734-4C9D-B4C3-77F78277E37C}.Debug|Any CPU.ActiveCfg = Debug|Any CPU
		{08568160-5734-4C9D-B4C3-77F78277E37C}.Debug|Any CPU.Build.0 = Debug|Any CPU
		{08568160-5734-4C9D-B4C3-77F78277E37C}.Release|Any CPU.ActiveCfg = Release|Any CPU
		{08568160-5734-4C9D-B4C3-77F78277E37C}.Release|Any CPU.Build.0 = Release|Any CPU
		{4BF1643C-D350-4E07-8DDA-64EBF1449484}.Debug|Any CPU.ActiveCfg = Debug|Any CPU
		{4BF1643C-D350-4E07-8DDA-64EBF1449484}.Debug|Any CPU.Build.0 = Debug|Any CPU
		{4BF1643C-D350-4E07-8DDA-64EBF1449484}.Release|Any CPU.ActiveCfg = Release|Any CPU
		{4BF1643C-D350-4E07-8DDA-64EBF1449484}.Release|Any CPU.Build.0 = Release|Any CPU
		{693E35F3-0983-4675-A793-656A5E8956F2}.Debug|Any CPU.ActiveCfg = Debug|Any CPU
		{693E35F3-0983-4675-A793-656A5E8956F2}.Debug|Any CPU.Build.0 = Debug|Any CPU
		{693E35F3-0983-4675-A793-656A5E8956F2}.Release|Any CPU.ActiveCfg = Release|Any CPU
		{693E35F3-0983-4675-A793-656A5E8956F2}.Release|Any CPU.Build.0 = Release|Any CPU
	EndGlobalSection
	GlobalSection(SolutionProperties) = preSolution
		HideSolutionNode = FALSE
	EndGlobalSection
	GlobalSection(ExtensibilityGlobals) = postSolution
		SolutionGuid = {3F8D3AC8-D67A-4E65-ACD0-367F97D71FC7}
	EndGlobalSection
EndGlobal
